{
  "version": 4,
  "terraform_version": "1.7.5",
  "serial": 5,
  "lineage": "46e78e03-8b1f-636e-6852-8d733b58e536",
  "outputs": {},
  "resources": [
    {
      "mode": "managed",
      "type": "objectscale_namespace",
      "name": "example",
      "provider": "provider[\"registry.terraform.io/dell/objectscale\"]",
      "instances": [
        {
          "schema_version": 0,
          "attributes": {
            "allowed_vpools_list": [],
            "block_size": -1,
            "block_size_in_count": -1,
            "creation_time": 1756790811205,
            "default_audit_delete_expiration": 0,
            "default_bucket_block_size": -1,
            "default_data_services_vpool": "urn:storageos:ReplicationGroupInfo:0e953ad1-94a5-4eb1-825a-d58d29e85434:global",
            "disallowed_vpools_list": [],
            "external_group_admins": "",
            "global": false,
            "id": "luis_namespace",
            "inactive": false,
            "internal": false,
            "is_compliance_enabled": false,
            "is_encryption_enabled": false,
            "is_object_lock_with_ado_allowed": false,
            "is_stale_allowed": false,
            "link": {
              "href": "/object/namespaces/namespace/luis_namespace",
              "rel": "self"
            },
            "name": "luis_namespace",
            "namespace_admins": "",
            "notification_size": -1,
            "notification_size_in_count": -1,
            "remote": false,
            "retention_classes": {
              "retention_class": [
                {
                  "name": "r1",
                  "period": 1
                }
              ]
            },
            "root_user_name": "root@@luis_namespace",
            "root_user_password": "",
            "user_mapping": []
          },
          "sensitive_attributes": []
        }
      ]
    }
  ],
  "check_results": null
}
